// !$*UTF8*$!
{
	archiveVersion = 1;
	classes = {
	};
	objectVersion = 55;
	objects = {

/* Begin PBXBuildFile section */
		77B7BE1C27E2C7780045ACF0 /* AppDelegate.m in Sources */ = {isa = PBXBuildFile; fileRef = 77B7BE1B27E2C7780045ACF0 /* AppDelegate.m */; };
		77B7BE1F27E2C7780045ACF0 /* SceneDelegate.m in Sources */ = {isa = PBXBuildFile; fileRef = 77B7BE1E27E2C7780045ACF0 /* SceneDelegate.m */; };
		77B7BE2227E2C7780045ACF0 /* ViewController.m in Sources */ = {isa = PBXBuildFile; fileRef = 77B7BE2127E2C7780045ACF0 /* ViewController.m */; };
		77B7BE2527E2C7780045ACF0 /* Main.storyboard in Resources */ = {isa = PBXBuildFile; fileRef = 77B7BE2327E2C7780045ACF0 /* Main.storyboard */; };
		77B7BE2727E2C77A0045ACF0 /* Assets.xcassets in Resources */ = {isa = PBXBuildFile; fileRef = 77B7BE2627E2C77A0045ACF0 /* Assets.xcassets */; };
		77B7BE2A27E2C77A0045ACF0 /* LaunchScreen.storyboard in Resources */ = {isa = PBXBuildFile; fileRef = 77B7BE2827E2C77A0045ACF0 /* LaunchScreen.storyboard */; };
		77B7BE2D27E2C77A0045ACF0 /* main.m in Sources */ = {isa = PBXBuildFile; fileRef = 77B7BE2C27E2C77A0045ACF0 /* main.m */; };
		77B7BE3727E2C77A0045ACF0 /* testTests.m in Sources */ = {isa = PBXBuildFile; fileRef = 77B7BE3627E2C77A0045ACF0 /* testTests.m */; };
		77B7BE4127E2C77A0045ACF0 /* testUITests.m in Sources */ = {isa = PBXBuildFile; fileRef = 77B7BE4027E2C77A0045ACF0 /* testUITests.m */; };
		77B7BE4327E2C77A0045ACF0 /* testUITestsLaunchTests.m in Sources */ = {isa = PBXBuildFile; fileRef = 77B7BE4227E2C77A0045ACF0 /* testUITestsLaunchTests.m */; };
/* End PBXBuildFile section */

/* Begin PBXContainerItemProxy section */
		77B7BE3327E2C77A0045ACF0 /* PBXContainerItemProxy */ = {
			isa = PBXContainerItemProxy;
			containerPortal = 77B7BE0F27E2C7780045ACF0 /* Project object */;
			proxyType = 1;
			remoteGlobalIDString = 77B7BE1627E2C7780045ACF0;
			remoteInfo = test;
		};
		77B7BE3D27E2C77A0045ACF0 /* PBXContainerItemProxy */ = {
			isa = PBXContainerItemProxy;
			containerPortal = 77B7BE0F27E2C7780045ACF0 /* Project object */;
			proxyType = 1;
			remoteGlobalIDString = 77B7BE1627E2C7780045ACF0;
			remoteInfo = test;
		};
/* End PBXContainerItemProxy section */

/* Begin PBXFileReference section */
		77B7BE1727E2C7780045ACF0 /* test.app */ = {isa = PBXFileReference; explicitFileType = wrapper.application; includeInIndex = 0; path = test.app; sourceTree = BUILT_PRODUCTS_DIR; };
		77B7BE1A27E2C7780045ACF0 /* AppDelegate.h */ = {isa = PBXFileReference; lastKnownFileType = sourcecode.c.h; path = AppDelegate.h; sourceTree = "<group>"; };
		77B7BE1B27E2C7780045ACF0 /* AppDelegate.m */ = {isa = PBXFileReference; lastKnownFileType = sourcecode.c.objc; path = AppDelegate.m; sourceTree = "<group>"; };
		77B7BE1D27E2C7780045ACF0 /* SceneDelegate.h */ = {isa = PBXFileReference; lastKnownFileType = sourcecode.c.h; path = SceneDelegate.h; sourceTree = "<group>"; };
		77B7BE1E27E2C7780045ACF0 /* SceneDelegate.m */ = {isa = PBXFileReference; lastKnownFileType = sourcecode.c.objc; path = SceneDelegate.m; sourceTree = "<group>"; };
		77B7BE2027E2C7780045ACF0 /* ViewController.h */ = {isa = PBXFileReference; lastKnownFileType = sourcecode.c.h; path = ViewController.h; sourceTree = "<group>"; };
		77B7BE2127E2C7780045ACF0 /* ViewController.m */ = {isa = PBXFileReference; lastKnownFileType = sourcecode.c.objc; path = ViewController.m; sourceTree = "<group>"; };
		77B7BE2427E2C7780045ACF0 /* Base */ = {isa = PBXFileReference; lastKnownFileType = file.storyboard; name = Base; path = Base.lproj/Main.storyboard; sourceTree = "<group>"; };
		77B7BE2627E2C77A0045ACF0 /* Assets.xcassets */ = {isa = PBXFileReference; lastKnownFileType = folder.assetcatalog; path = Assets.xcassets; sourceTree = "<group>"; };
		77B7BE2927E2C77A0045ACF0 /* Base */ = {isa = PBXFileReference; lastKnownFileType = file.storyboard; name = Base; path = Base.lproj/LaunchScreen.storyboard; sourceTree = "<group>"; };
		77B7BE2B27E2C77A0045ACF0 /* Info.plist */ = {isa = PBXFileReference; lastKnownFileType = text.plist.xml; path = Info.plist; sourceTree = "<group>"; };
		77B7BE2C27E2C77A0045ACF0 /* main.m */ = {isa = PBXFileReference; lastKnownFileType = sourcecode.c.objc; path = main.m; sourceTree = "<group>"; };
		77B7BE3227E2C77A0045ACF0 /* testTests.xctest */ = {isa = PBXFileReference; explicitFileType = wrapper.cfbundle; includeInIndex = 0; path = testTests.xctest; sourceTree = BUILT_PRODUCTS_DIR; };
		77B7BE3627E2C77A0045ACF0 /* testTests.m */ = {isa = PBXFileReference; lastKnownFileType = sourcecode.c.objc; path = testTests.m; sourceTree = "<group>"; };
		77B7BE3C27E2C77A0045ACF0 /* testUITests.xctest */ = {isa = PBXFileReference; explicitFileType = wrapper.cfbundle; includeInIndex = 0; path = testUITests.xctest; sourceTree = BUILT_PRODUCTS_DIR; };
		77B7BE4027E2C77A0045ACF0 /* testUITests.m */ = {isa = PBXFileReference; lastKnownFileType = sourcecode.c.objc; path = testUITests.m; sourceTree = "<group>"; };
		77B7BE4227E2C77A0045ACF0 /* testUITestsLaunchTests.m */ = {isa = PBXFileReference; lastKnownFileType = sourcecode.c.objc; path = testUITestsLaunchTests.m; sourceTree = "<group>"; };
/* End PBXFileReference section */

/* Begin PBXFrameworksBuildPhase section */
		77B7BE1427E2C7780045ACF0 /* Frameworks */ = {
			isa = PBXFrameworksBuildPhase;
			buildActionMask = 2147483647;
			files = (
			);
			runOnlyForDeploymentPostprocessing = 0;
		};
		77B7BE2F27E2C77A0045ACF0 /* Frameworks */ = {
			isa = PBXFrameworksBuildPhase;
			buildActionMask = 2147483647;
			files = (
			);
			runOnlyForDeploymentPostprocessing = 0;
		};
		77B7BE3927E2C77A0045ACF0 /* Frameworks */ = {
			isa = PBXFrameworksBuildPhase;
			buildActionMask = 2147483647;
			files = (
			);
			runOnlyForDeploymentPostprocessing = 0;
		};
/* End PBXFrameworksBuildPhase section */

/* Begin PBXGroup section */
		77B7BE0E27E2C7780045ACF0 = {
			isa = PBXGroup;
			children = (
				77B7BE1927E2C7780045ACF0 /* test */,
				77B7BE3527E2C77A0045ACF0 /* testTests */,
				77B7BE3F27E2C77A0045ACF0 /* testUITests */,
				77B7BE1827E2C7780045ACF0 /* Products */,
			);
			sourceTree = "<group>";
		};
		77B7BE1827E2C7780045ACF0 /* Products */ = {
			isa = PBXGroup;
			children = (
				77B7BE1727E2C7780045ACF0 /* test.app */,
				77B7BE3227E2C77A0045ACF0 /* testTests.xctest */,
				77B7BE3C27E2C77A0045ACF0 /* testUITests.xctest */,
			);
			name = Products;
			sourceTree = "<group>";
		};
		77B7BE1927E2C7780045ACF0 /* test */ = {
			isa = PBXGroup;
			children = (
				77B7BE1A27E2C7780045ACF0 /* AppDelegate.h */,
				77B7BE1B27E2C7780045ACF0 /* AppDelegate.m */,
				77B7BE1D27E2C7780045ACF0 /* SceneDelegate.h */,
				77B7BE1E27E2C7780045ACF0 /* SceneDelegate.m */,
				77B7BE2027E2C7780045ACF0 /* ViewController.h */,
				77B7BE2127E2C7780045ACF0 /* ViewController.m */,
				77B7BE2327E2C7780045ACF0 /* Main.storyboard */,
				77B7BE2627E2C77A0045ACF0 /* Assets.xcassets */,
				77B7BE2827E2C77A0045ACF0 /* LaunchScreen.storyboard */,
				77B7BE2B27E2C77A0045ACF0 /* Info.plist */,
				77B7BE2C27E2C77A0045ACF0 /* main.m */,
			);
			path = test;
			sourceTree = "<group>";
		};
		77B7BE3527E2C77A0045ACF0 /* testTests */ = {
			isa = PBXGroup;
			children = (
				77B7BE3627E2C77A0045ACF0 /* testTests.m */,
			);
			path = testTests;
			sourceTree = "<group>";
		};
		77B7BE3F27E2C77A0045ACF0 /* testUITests */ = {
			isa = PBXGroup;
			children = (
				77B7BE4027E2C77A0045ACF0 /* testUITests.m */,
				77B7BE4227E2C77A0045ACF0 /* testUITestsLaunchTests.m */,
			);
			path = testUITests;
			sourceTree = "<group>";
		};
/* End PBXGroup section */

/* Begin PBXNativeTarget section */
		77B7BE1627E2C7780045ACF0 /* test */ = {
			isa = PBXNativeTarget;
			buildConfigurationList = 77B7BE4627E2C77A0045ACF0 /* Build configuration list for PBXNativeTarget "test" */;
			buildPhases = (
				77B7BE1327E2C7780045ACF0 /* Sources */,
				77B7BE1427E2C7780045ACF0 /* Frameworks */,
				77B7BE1527E2C7780045ACF0 /* Resources */,
			);
			buildRules = (
			);
			dependencies = (
			);
			name = test;
			productName = test;
			productReference = 77B7BE1727E2C7780045ACF0 /* test.app */;
			productType = "com.apple.product-type.application";
		};
		77B7BE3127E2C77A0045ACF0 /* testTests */ = {
			isa = PBXNativeTarget;
			buildConfigurationList = 77B7BE4927E2C77A0045ACF0 /* Build configuration list for PBXNativeTarget "testTests" */;
			buildPhases = (
				77B7BE2E27E2C77A0045ACF0 /* Sources */,
				77B7BE2F27E2C77A0045ACF0 /* Frameworks */,
				77B7BE3027E2C77A0045ACF0 /* Resources */,
			);
			buildRules = (
			);
			dependencies = (
				77B7BE3427E2C77A0045ACF0 /* PBXTargetDependency */,
			);
			name = testTests;
			productName = testTests;
			productReference = 77B7BE3227E2C77A0045ACF0 /* testTests.xctest */;
			productType = "com.apple.product-type.bundle.unit-test";
		};
		77B7BE3B27E2C77A0045ACF0 /* testUITests */ = {
			isa = PBXNativeTarget;
			buildConfigurationList = 77B7BE4C27E2C77A0045ACF0 /* Build configuration list for PBXNativeTarget "testUITests" */;
			buildPhases = (
				77B7BE3827E2C77A0045ACF0 /* Sources */,
				77B7BE3927E2C77A0045ACF0 /* Frameworks */,
				77B7BE3A27E2C77A0045ACF0 /* Resources */,
			);
			buildRules = (
			);
			dependencies = (
				77B7BE3E27E2C77A0045ACF0 /* PBXTargetDependency */,
			);
			name = testUITests;
			productName = testUITests;
			productReference = 77B7BE3C27E2C77A0045ACF0 /* testUITests.xctest */;
			productType = "com.apple.product-type.bundle.ui-testing";
		};
/* End PBXNativeTarget section */

/* Begin PBXProject section */
		77B7BE0F27E2C7780045ACF0 /* Project object */ = {
			isa = PBXProject;
			attributes = {
				BuildIndependentTargetsInParallel = 1;
				LastUpgradeCheck = 1320;
				TargetAttributes = {
					77B7BE1627E2C7780045ACF0 = {
						CreatedOnToolsVersion = 13.2.1;
					};
					77B7BE3127E2C77A0045ACF0 = {
						CreatedOnToolsVersion = 13.2.1;
						TestTargetID = 77B7BE1627E2C7780045ACF0;
					};
					77B7BE3B27E2C77A0045ACF0 = {
						CreatedOnToolsVersion = 13.2.1;
						TestTargetID = 77B7BE1627E2C7780045ACF0;
					};
				};
			};
			buildConfigurationList = 77B7BE1227E2C7780045ACF0 /* Build configuration list for PBXProject "test" */;
			compatibilityVersion = "Xcode 13.0";
			developmentRegion = en;
			hasScannedForEncodings = 0;
			knownRegions = (
				en,
				Base,
			);
			mainGroup = 77B7BE0E27E2C7780045ACF0;
			productRefGroup = 77B7BE1827E2C7780045ACF0 /* Products */;
			projectDirPath = "";
			projectRoot = "";
			targets = (
				77B7BE1627E2C7780045ACF0 /* test */,
				77B7BE3127E2C77A0045ACF0 /* testTests */,
				77B7BE3B27E2C77A0045ACF0 /* testUITests */,
			);
		};
/* End PBXProject section */

/* Begin PBXResourcesBuildPhase section */
		77B7BE1527E2C7780045ACF0 /* Resources */ = {
			isa = PBXResourcesBuildPhase;
			buildActionMask = 2147483647;
			files = (
				77B7BE2A27E2C77A0045ACF0 /* LaunchScreen.storyboard in Resources */,
				77B7BE2727E2C77A0045ACF0 /* Assets.xcassets in Resources */,
				77B7BE2527E2C7780045ACF0 /* Main.storyboard in Resources */,
			);
			runOnlyForDeploymentPostprocessing = 0;
		};
		77B7BE3027E2C77A0045ACF0 /* Resources */ = {
			isa = PBXResourcesBuildPhase;
			buildActionMask = 2147483647;
			files = (
			);
			runOnlyForDeploymentPostprocessing = 0;
		};
		77B7BE3A27E2C77A0045ACF0 /* Resources */ = {
			isa = PBXResourcesBuildPhase;
			buildActionMask = 2147483647;
			files = (
			);
			runOnlyForDeploymentPostprocessing = 0;
		};
/* End PBXResourcesBuildPhase section */

/* Begin PBXSourcesBuildPhase section */
		77B7BE1327E2C7780045ACF0 /* Sources */ = {
			isa = PBXSourcesBuildPhase;
			buildActionMask = 2147483647;
			files = (
				77B7BE2227E2C7780045ACF0 /* ViewController.m in Sources */,
				77B7BE1C27E2C7780045ACF0 /* AppDelegate.m in Sources */,
				77B7BE2D27E2C77A0045ACF0 /* main.m in Sources */,
				77B7BE1F27E2C7780045ACF0 /* SceneDelegate.m in Sources */,
			);
			runOnlyForDeploymentPostprocessing = 0;
		};
		77B7BE2E27E2C77A0045ACF0 /* Sources */ = {
			isa = PBXSourcesBuildPhase;
			buildActionMask = 2147483647;
			files = (
				77B7BE3727E2C77A0045ACF0 /* testTests.m in Sources */,
			);
			runOnlyForDeploymentPostprocessing = 0;
		};
		77B7BE3827E2C77A0045ACF0 /* Sources */ = {
			isa = PBXSourcesBuildPhase;
			buildActionMask = 2147483647;
			files = (
				77B7BE4327E2C77A0045ACF0 /* testUITestsLaunchTests.m in Sources */,
				77B7BE4127E2C77A0045ACF0 /* testUITests.m in Sources */,
			);
			runOnlyForDeploymentPostprocessing = 0;
		};
/* End PBXSourcesBuildPhase section */

/* Begin PBXTargetDependency section */
		77B7BE3427E2C77A0045ACF0 /* PBXTargetDependency */ = {
			isa = PBXTargetDependency;
			target = 77B7BE1627E2C7780045ACF0 /* test */;
			targetProxy = 77B7BE3327E2C77A0045ACF0 /* PBXContainerItemProxy */;
		};
		77B7BE3E27E2C77A0045ACF0 /* PBXTargetDependency */ = {
			isa = PBXTargetDependency;
			target = 77B7BE1627E2C7780045ACF0 /* test */;
			targetProxy = 77B7BE3D27E2C77A0045ACF0 /* PBXContainerItemProxy */;
		};
/* End PBXTargetDependency section */

/* Begin PBXVariantGroup section */
		77B7BE2327E2C7780045ACF0 /* Main.storyboard */ = {
			isa = PBXVariantGroup;
			children = (
				77B7BE2427E2C7780045ACF0 /* Base */,
			);
			name = Main.storyboard;
			sourceTree = "<group>";
		};
		77B7BE2827E2C77A0045ACF0 /* LaunchScreen.storyboard */ = {
			isa = PBXVariantGroup;
			children = (
				77B7BE2927E2C77A0045ACF0 /* Base */,
			);
			name = LaunchScreen.storyboard;
			sourceTree = "<group>";
		};
/* End PBXVariantGroup section */

/* Begin XCBuildConfiguration section */
		77B7BE4427E2C77A0045ACF0 /* Debug */ = {
			isa = XCBuildConfiguration;
			buildSettings = {
				ALWAYS_SEARCH_USER_PATHS = NO;
				CLANG_ANALYZER_NONNULL = YES;
				CLANG_ANALYZER_NUMBER_OBJECT_CONVERSION = YES_AGGRESSIVE;
				CLANG_CXX_LANGUAGE_STANDARD = "gnu++17";
				CLANG_CXX_LIBRARY = "libc++";
				CLANG_ENABLE_MODULES = YES;
				CLANG_ENABLE_OBJC_ARC = YES;
				CLANG_ENABLE_OBJC_WEAK = YES;
				CLANG_WARN_BLOCK_CAPTURE_AUTORELEASING = YES;
				CLANG_WARN_BOOL_CONVERSION = YES;
				CLANG_WARN_COMMA = YES;
				CLANG_WARN_CONSTANT_CONVERSION = YES;
				CLANG_WARN_DEPRECATED_OBJC_IMPLEMENTATIONS = YES;
				CLANG_WARN_DIRECT_OBJC_ISA_USAGE = YES_ERROR;
				CLANG_WARN_DOCUMENTATION_COMMENTS = YES;
				CLANG_WARN_EMPTY_BODY = YES;
				CLANG_WARN_ENUM_CONVERSION = YES;
				CLANG_WARN_INFINITE_RECURSION = YES;
				CLANG_WARN_INT_CONVERSION = YES;
				CLANG_WARN_NON_LITERAL_NULL_CONVERSION = YES;
				CLANG_WARN_OBJC_IMPLICIT_RETAIN_SELF = YES;
				CLANG_WARN_OBJC_LITERAL_CONVERSION = YES;
				CLANG_WARN_OBJC_ROOT_CLASS = YES_ERROR;
				CLANG_WARN_QUOTED_INCLUDE_IN_FRAMEWORK_HEADER = YES;
				CLANG_WARN_RANGE_LOOP_ANALYSIS = YES;
				CLANG_WARN_STRICT_PROTOTYPES = YES;
				CLANG_WARN_SUSPICIOUS_MOVE = YES;
				CLANG_WARN_UNGUARDED_AVAILABILITY = YES_AGGRESSIVE;
				CLANG_WARN_UNREACHABLE_CODE = YES;
				CLANG_WARN__DUPLICATE_METHOD_MATCH = YES;
				COPY_PHASE_STRIP = NO;
				DEBUG_INFORMATION_FORMAT = dwarf;
				ENABLE_STRICT_OBJC_MSGSEND = YES;
				ENABLE_TESTABILITY = YES;
				GCC_C_LANGUAGE_STANDARD = gnu11;
				GCC_DYNAMIC_NO_PIC = NO;
				GCC_NO_COMMON_BLOCKS = YES;
				GCC_OPTIMIZATION_LEVEL = 0;
				GCC_PREPROCESSOR_DEFINITIONS = (
					"DEBUG=1",
					"$(inherited)",
				);
				GCC_WARN_64_TO_32_BIT_CONVERSION = YES;
				GCC_WARN_ABOUT_RETURN_TYPE = YES_ERROR;
				GCC_WARN_UNDECLARED_SELECTOR = YES;
				GCC_WARN_UNINITIALIZED_AUTOS = YES_AGGRESSIVE;
				GCC_WARN_UNUSED_FUNCTION = YES;
				GCC_WARN_UNUSED_VARIABLE = YES;
				IPHONEOS_DEPLOYMENT_TARGET = 15.2;
				MTL_ENABLE_DEBUG_INFO = INCLUDE_SOURCE;
				MTL_FAST_MATH = YES;
				ONLY_ACTIVE_ARCH = YES;
				SDKROOT = iphoneos;
			};
			name = Debug;
		};
		77B7BE4527E2C77A0045ACF0 /* Release */ = {
			isa = XCBuildConfiguration;
			buildSettings = {
				ALWAYS_SEARCH_USER_PATHS = NO;
				CLANG_ANALYZER_NONNULL = YES;
				CLANG_ANALYZER_NUMBER_OBJECT_CONVERSION = YES_AGGRESSIVE;
				CLANG_CXX_LANGUAGE_STANDARD = "gnu++17";
				CLANG_CXX_LIBRARY = "libc++";
				CLANG_ENABLE_MODULES = YES;
				CLANG_ENABLE_OBJC_ARC = YES;
				CLANG_ENABLE_OBJC_WEAK = YES;
				CLANG_WARN_BLOCK_CAPTURE_AUTORELEASING = YES;
				CLANG_WARN_BOOL_CONVERSION = YES;
				CLANG_WARN_COMMA = YES;
				CLANG_WARN_CONSTANT_CONVERSION = YES;
				CLANG_WARN_DEPRECATED_OBJC_IMPLEMENTATIONS = YES;
				CLANG_WARN_DIRECT_OBJC_ISA_USAGE = YES_ERROR;
				CLANG_WARN_DOCUMENTATION_COMMENTS = YES;
				CLANG_WARN_EMPTY_BODY = YES;
				CLANG_WARN_ENUM_CONVERSION = YES;
				CLANG_WARN_INFINITE_RECURSION = YES;
				CLANG_WARN_INT_CONVERSION = YES;
				CLANG_WARN_NON_LITERAL_NULL_CONVERSION = YES;
				CLANG_WARN_OBJC_IMPLICIT_RETAIN_SELF = YES;
				CLANG_WARN_OBJC_LITERAL_CONVERSION = YES;
				CLANG_WARN_OBJC_ROOT_CLASS = YES_ERROR;
				CLANG_WARN_QUOTED_INCLUDE_IN_FRAMEWORK_HEADER = YES;
				CLANG_WARN_RANGE_LOOP_ANALYSIS = YES;
				CLANG_WARN_STRICT_PROTOTYPES = YES;
				CLANG_WARN_SUSPICIOUS_MOVE = YES;
				CLANG_WARN_UNGUARDED_AVAILABILITY = YES_AGGRESSIVE;
				CLANG_WARN_UNREACHABLE_CODE = YES;
				CLANG_WARN__DUPLICATE_METHOD_MATCH = YES;
				COPY_PHASE_STRIP = NO;
				DEBUG_INFORMATION_FORMAT = "dwarf-with-dsym";
				ENABLE_NS_ASSERTIONS = NO;
				ENABLE_STRICT_OBJC_MSGSEND = YES;
				GCC_C_LANGUAGE_STANDARD = gnu11;
				GCC_NO_COMMON_BLOCKS = YES;
				GCC_WARN_64_TO_32_BIT_CONVERSION = YES;
				GCC_WARN_ABOUT_RETURN_TYPE = YES_ERROR;
				GCC_WARN_UNDECLARED_SELECTOR = YES;
				GCC_WARN_UNINITIALIZED_AUTOS = YES_AGGRESSIVE;
				GCC_WARN_UNUSED_FUNCTION = YES;
				GCC_WARN_UNUSED_VARIABLE = YES;
				IPHONEOS_DEPLOYMENT_TARGET = 15.2;
				MTL_ENABLE_DEBUG_INFO = NO;
				MTL_FAST_MATH = YES;
				SDKROOT = iphoneos;
				VALIDATE_PRODUCT = YES;
			};
			name = Release;
		};
		77B7BE4727E2C77A0045ACF0 /* Debug */ = {
			isa = XCBuildConfiguration;
			buildSettings = {
				ASSETCATALOG_COMPILER_APPICON_NAME = AppIcon;
				ASSETCATALOG_COMPILER_GLOBAL_ACCENT_COLOR_NAME = AccentColor;
				CODE_SIGN_STYLE = Automatic;
				CURRENT_PROJECT_VERSION = 1;
				DEVELOPMENT_TEAM = AK7SXEV839;
				GENERATE_INFOPLIST_FILE = YES;
				INFOPLIST_FILE = test/Info.plist;
				INFOPLIST_KEY_UIApplicationSupportsIndirectInputEvents = YES;
				INFOPLIST_KEY_UILaunchStoryboardName = LaunchScreen;
				INFOPLIST_KEY_UIMainStoryboardFile = Main;
				INFOPLIST_KEY_UISupportedInterfaceOrientations_iPad = "UIInterfaceOrientationPortrait UIInterfaceOrientationPortraitUpsideDown UIInterfaceOrientationLandscapeLeft UIInterfaceOrientationLandscapeRight";
				INFOPLIST_KEY_UISupportedInterfaceOrientations_iPhone = "UIInterfaceOrientationPortrait UIInterfaceOrientationLandscapeLeft UIInterfaceOrientationLandscapeRight";
				LD_RUNPATH_SEARCH_PATHS = (
					"$(inherited)",
					"@executable_path/Frameworks",
				);
				MARKETING_VERSION = 1.0;
				PRODUCT_BUNDLE_IDENTIFIER = com.yonglong.test.test;
				PRODUCT_NAME = "$(TARGET_NAME)";
				SWIFT_EMIT_LOC_STRINGS = YES;
				TARGETED_DEVICE_FAMILY = "1,2";
			};
			name = Debug;
		};
		77B7BE4827E2C77A0045ACF0 /* Release */ = {
			isa = XCBuildConfiguration;
			buildSettings = {
				ASSETCATALOG_COMPILER_APPICON_NAME = AppIcon;
				ASSETCATALOG_COMPILER_GLOBAL_ACCENT_COLOR_NAME = AccentColor;
				CODE_SIGN_STYLE = Automatic;
				CURRENT_PROJECT_VERSION = 1;
				DEVELOPMENT_TEAM = AK7SXEV839;
				GENERATE_INFOPLIST_FILE = YES;
				INFOPLIST_FILE = test/Info.plist;
				INFOPLIST_KEY_UIApplicationSupportsIndirectInputEvents = YES;
				INFOPLIST_KEY_UILaunchStoryboardName = LaunchScreen;
				INFOPLIST_KEY_UIMainStoryboardFile = Main;
				INFOPLIST_KEY_UISupportedInterfaceOrientations_iPad = "UIInterfaceOrientationPortrait UIInterfaceOrientationPortraitUpsideDown UIInterfaceOrientationLandscapeLeft UIInterfaceOrientationLandscapeRight";
				INFOPLIST_KEY_UISupportedInterfaceOrientations_iPhone = "UIInterfaceOrientationPortrait UIInterfaceOrientationLandscapeLeft UIInterfaceOrientationLandscapeRight";
				LD_RUNPATH_SEARCH_PATHS = (
					"$(inherited)",
					"@executable_path/Frameworks",
				);
				MARKETING_VERSION = 1.0;
				PRODUCT_BUNDLE_IDENTIFIER = com.yonglong.test.test;
				PRODUCT_NAME = "$(TARGET_NAME)";
				SWIFT_EMIT_LOC_STRINGS = YES;
				TARGETED_DEVICE_FAMILY = "1,2";
			};
			name = Release;
		};
		77B7BE4A27E2C77A0045ACF0 /* Debug */ = {
			isa = XCBuildConfiguration;
			buildSettings = {
				BUNDLE_LOADER = "$(TEST_HOST)";
				CODE_SIGN_STYLE = Automatic;
				CURRENT_PROJECT_VERSION = 1;
				DEVELOPMENT_TEAM = AK7SXEV839;
				GENERATE_INFOPLIST_FILE = YES;
				IPHONEOS_DEPLOYMENT_TARGET = 15.2;
				MARKETING_VERSION = 1.0;
				PRODUCT_BUNDLE_IDENTIFIER = com.yonglong.test.testTests;
				PRODUCT_NAME = "$(TARGET_NAME)";
				SWIFT_EMIT_LOC_STRINGS = NO;
				TARGETED_DEVICE_FAMILY = "1,2";
				TEST_HOST = "$(BUILT_PRODUCTS_DIR)/test.app/test";
			};
			name = Debug;
		};
		77B7BE4B27E2C77A0045ACF0 /* Release */ = {
			isa = XCBuildConfiguration;
			buildSettings = {
				BUNDLE_LOADER = "$(TEST_HOST)";
				CODE_SIGN_STYLE = Automatic;
				CURRENT_PROJECT_VERSION = 1;
				DEVELOPMENT_TEAM = AK7SXEV839;
				GENERATE_INFOPLIST_FILE = YES;
				IPHONEOS_DEPLOYMENT_TARGET = 15.2;
				MARKETING_VERSION = 1.0;
				PRODUCT_BUNDLE_IDENTIFIER = com.yonglong.test.testTests;
				PRODUCT_NAME = "$(TARGET_NAME)";
				SWIFT_EMIT_LOC_STRINGS = NO;
				TARGETED_DEVICE_FAMILY = "1,2";
				TEST_HOST = "$(BUILT_PRODUCTS_DIR)/test.app/test";
			};
			name = Release;
		};
		77B7BE4D27E2C77A0045ACF0 /* Debug */ = {
			isa = XCBuildConfiguration;
			buildSettings = {
				CODE_SIGN_STYLE = Automatic;
				CURRENT_PROJECT_VERSION = 1;
				DEVELOPMENT_TEAM = AK7SXEV839;
				GENERATE_INFOPLIST_FILE = YES;
				MARKETING_VERSION = 1.0;
				PRODUCT_BUNDLE_IDENTIFIER = com.yonglong.test.testUITests;
				PRODUCT_NAME = "$(TARGET_NAME)";
				SWIFT_EMIT_LOC_STRINGS = NO;
				TARGETED_DEVICE_FAMILY = "1,2";
				TEST_TARGET_NAME = test;
			};
			name = Debug;
		};
		77B7BE4E27E2C77A0045ACF0 /* Release */ = {
			isa = XCBuildConfiguration;
			buildSettings = {
				CODE_SIGN_STYLE = Automatic;
				CURRENT_PROJECT_VERSION = 1;
				DEVELOPMENT_TEAM = AK7SXEV839;
				GENERATE_INFOPLIST_FILE = YES;
				MARKETING_VERSION = 1.0;
				PRODUCT_BUNDLE_IDENTIFIER = com.yonglong.test.testUITests;
				PRODUCT_NAME = "$(TARGET_NAME)";
				SWIFT_EMIT_LOC_STRINGS = NO;
				TARGETED_DEVICE_FAMILY = "1,2";
				TEST_TARGET_NAME = test;
			};
			name = Release;
		};
/* End XCBuildConfiguration section */

/* Begin XCConfigurationList section */
		77B7BE1227E2C7780045ACF0 /* Build configuration list for PBXProject "test" */ = {
			isa = XCConfigurationList;
			buildConfigurations = (
				77B7BE4427E2C77A0045ACF0 /* Debug */,
				77B7BE4527E2C77A0045ACF0 /* Release */,
			);
			defaultConfigurationIsVisible = 0;
			defaultConfigurationName = Release;
		};
		77B7BE4627E2C77A0045ACF0 /* Build configuration list for PBXNativeTarget "test" */ = {
			isa = XCConfigurationList;
			buildConfigurations = (
				77B7BE4727E2C77A0045ACF0 /* Debug */,
				77B7BE4827E2C77A0045ACF0 /* Release */,
			);
			defaultConfigurationIsVisible = 0;
			defaultConfigurationName = Release;
		};
		77B7BE4927E2C77A0045ACF0 /* Build configuration list for PBXNativeTarget "testTests" */ = {
			isa = XCConfigurationList;
			buildConfigurations = (
				77B7BE4A27E2C77A0045ACF0 /* Debug */,
				77B7BE4B27E2C77A0045ACF0 /* Release */,
			);
			defaultConfigurationIsVisible = 0;
			defaultConfigurationName = Release;
		};
		77B7BE4C27E2C77A0045ACF0 /* Build configuration list for PBXNativeTarget "testUITests" */ = {
			isa = XCConfigurationList;
			buildConfigurations = (
				77B7BE4D27E2C77A0045ACF0 /* Debug */,
				77B7BE4E27E2C77A0045ACF0 /* Release */,
			);
			defaultConfigurationIsVisible = 0;
			defaultConfigurationName = Release;
		};
/* End XCConfigurationList section */
	};
	rootObject = 77B7BE0F27E2C7780045ACF0 /* Project object */;
}
